lockfileVersion: 5.3

specifiers:
  '@types/forge-viewer': ^7.48.0
  '@types/three': ^0.131.1

dependencies:
  '@types/forge-viewer': 7.48.0
  '@types/three': 0.131.1

packages:

  /@types/forge-viewer/7.48.0:
    resolution: {integrity: sha512-uKJFqKYQgN3PPe+b50c6c6fmPedO0kUZapPKPBjRvUZAS8tEz8biqtFSu1bLymsSVmQfCSc2wdxvDXz6v6BIQg==}
    dev: false

  /@types/three/0.131.1:
    resolution: {integrity: sha512-unnjsolcm7R90e4XK9qMq4JYEzly0XQNa0pG8RAOMZeVzj3FLIFPymAYUx4Osz0gY9jFZz8omIQplqiieEE7gw==}
    dev: false
